// !$*UTF8*$!
{
	archiveVersion = 1;
	classes = {
	};
	objectVersion = 46;
	objects = {

/* Begin PBXBuildFile section */
		B642497B1B1371D800A5560C /* pluginmain.cpp in Sources */ = {isa = PBXBuildFile; fileRef = B642497A1B1371D800A5560C /* pluginmain.cpp */; };
		B642497E1B1374A400A5560C /* Rk_OptionsFrame.cpp in Sources */ = {isa = PBXBuildFile; fileRef = B642497C1B1374A400A5560C /* Rk_OptionsFrame.cpp */; };
		B642497F1B1374A400A5560C /* Rk_OptionsFrame.h in Sources */ = {isa = PBXBuildFile; fileRef = B642497D1B1374A400A5560C /* Rk_OptionsFrame.h */; };
		B64249861B138DEC00A5560C /* Rk_GraphicsState.cpp in Sources */ = {isa = PBXBuildFile; fileRef = B64249841B138DEC00A5560C /* Rk_GraphicsState.cpp */; };
		B64249871B138DEC00A5560C /* Rk_GraphicsState.h in Sources */ = {isa = PBXBuildFile; fileRef = B64249851B138DEC00A5560C /* Rk_GraphicsState.h */; };
		B6D72B6A1B13426D00DAAB66 /* ReadyKitRenderer.cpp in Sources */ = {isa = PBXBuildFile; fileRef = B6D72B681B13426D00DAAB66 /* ReadyKitRenderer.cpp */; };
		B6D72B6F1B13429F00DAAB66 /* version.h in Headers */ = {isa = PBXBuildFile; fileRef = B6D72B6D1B13429F00DAAB66 /* version.h */; };
		B6D72B891B13574500DAAB66 /* QtCore.framework in Frameworks */ = {isa = PBXBuildFile; fileRef = B6D72B881B13574500DAAB66 /* QtCore.framework */; };
		B6D72B8C1B13577E00DAAB66 /* libdzcore.dylib in Frameworks */ = {isa = PBXBuildFile; fileRef = B6D72B8B1B13577E00DAAB66 /* libdzcore.dylib */; };
		B6D72B8E1B13579800DAAB66 /* QtScript.framework in Frameworks */ = {isa = PBXBuildFile; fileRef = B6D72B8D1B13579800DAAB66 /* QtScript.framework */; };
		B6D72B8F1B13582B00DAAB66 /* ReadyKitRenderer.h in Sources */ = {isa = PBXBuildFile; fileRef = B6D72B691B13426D00DAAB66 /* ReadyKitRenderer.h */; };
		B6D72B9C1B135F9D00DAAB66 /* QtGui.framework in Frameworks */ = {isa = PBXBuildFile; fileRef = B6D72B9B1B135F9D00DAAB66 /* QtGui.framework */; };
		B6D72B9E1B135FAE00DAAB66 /* QtXml.framework in Frameworks */ = {isa = PBXBuildFile; fileRef = B6D72B9D1B135FAE00DAAB66 /* QtXml.framework */; };
/* End PBXBuildFile section */

/* Begin PBXBuildRule section */
		B6D72B721B13444300DAAB66 /* PBXBuildRule */ = {
			isa = PBXBuildRule;
			compilerSpec = com.apple.compilers.proxy.script;
			filePatterns = "*.h";
			fileType = pattern.proxy;
			isEditable = 1;
			outputFiles = (
				"$(DERIVED_FILE_DIR)/$(CURRENT_ARCH)/moc_$(INPUT_FILE_BASE).cpp",
			);
			script = "#!/bin/bash\n\"$DAZ_SDK/bin/$DAZ_PLATFORM_NAME/moc\" \"$INPUT_FILE_PATH\" -o \"$DERIVED_FILE_DIR/$CURRENT_ARCH/moc_$INPUT_FILE_BASE.cpp\"\n";
		};
/* End PBXBuildRule section */

/* Begin PBXFileReference section */
		B642497A1B1371D800A5560C /* pluginmain.cpp */ = {isa = PBXFileReference; fileEncoding = 4; lastKnownFileType = sourcecode.cpp.cpp; path = pluginmain.cpp; sourceTree = SOURCE_ROOT; };
		B642497C1B1374A400A5560C /* Rk_OptionsFrame.cpp */ = {isa = PBXFileReference; fileEncoding = 4; lastKnownFileType = sourcecode.cpp.cpp; path = Rk_OptionsFrame.cpp; sourceTree = SOURCE_ROOT; };
		B642497D1B1374A400A5560C /* Rk_OptionsFrame.h */ = {isa = PBXFileReference; fileEncoding = 4; lastKnownFileType = sourcecode.c.h; path = Rk_OptionsFrame.h; sourceTree = SOURCE_ROOT; };
		B64249841B138DEC00A5560C /* Rk_GraphicsState.cpp */ = {isa = PBXFileReference; fileEncoding = 4; lastKnownFileType = sourcecode.cpp.cpp; path = Rk_GraphicsState.cpp; sourceTree = SOURCE_ROOT; };
		B64249851B138DEC00A5560C /* Rk_GraphicsState.h */ = {isa = PBXFileReference; fileEncoding = 4; lastKnownFileType = sourcecode.c.h; path = Rk_GraphicsState.h; sourceTree = SOURCE_ROOT; };
		B6D72B5A1B13420000DAAB66 /* libReadyKitRenderer.dylib */ = {isa = PBXFileReference; explicitFileType = "compiled.mach-o.dylib"; includeInIndex = 0; path = libReadyKitRenderer.dylib; sourceTree = BUILT_PRODUCTS_DIR; };
		B6D72B681B13426D00DAAB66 /* ReadyKitRenderer.cpp */ = {isa = PBXFileReference; fileEncoding = 4; lastKnownFileType = sourcecode.cpp.cpp; path = ReadyKitRenderer.cpp; sourceTree = SOURCE_ROOT; };
		B6D72B691B13426D00DAAB66 /* ReadyKitRenderer.h */ = {isa = PBXFileReference; fileEncoding = 4; lastKnownFileType = sourcecode.c.h; path = ReadyKitRenderer.h; sourceTree = SOURCE_ROOT; };
		B6D72B6D1B13429F00DAAB66 /* version.h */ = {isa = PBXFileReference; fileEncoding = 4; lastKnownFileType = sourcecode.c.h; path = version.h; sourceTree = SOURCE_ROOT; };
		B6D72B881B13574500DAAB66 /* QtCore.framework */ = {isa = PBXFileReference; lastKnownFileType = wrapper.framework; name = QtCore.framework; path = "../../../../Shared/My DAZ 3D Library/DAZStudio4.5+ SDK/lib/Mac64/QtCore.framework"; sourceTree = "<group>"; };
		B6D72B8B1B13577E00DAAB66 /* libdzcore.dylib */ = {isa = PBXFileReference; lastKnownFileType = "compiled.mach-o.dylib"; name = libdzcore.dylib; path = "../../../../Shared/My DAZ 3D Library/DAZStudio4.5+ SDK/lib/Mac64/libdzcore.dylib"; sourceTree = "<group>"; };
		B6D72B8D1B13579800DAAB66 /* QtScript.framework */ = {isa = PBXFileReference; lastKnownFileType = wrapper.framework; name = QtScript.framework; path = "../../../../Shared/My DAZ 3D Library/DAZStudio4.5+ SDK/lib/Mac64/QtScript.framework"; sourceTree = "<group>"; };
		B6D72B9B1B135F9D00DAAB66 /* QtGui.framework */ = {isa = PBXFileReference; lastKnownFileType = wrapper.framework; name = QtGui.framework; path = "../../../../Shared/My DAZ 3D Library/DAZStudio4.5+ SDK/lib/Mac64/QtGui.framework"; sourceTree = "<group>"; };
		B6D72B9D1B135FAE00DAAB66 /* QtXml.framework */ = {isa = PBXFileReference; lastKnownFileType = wrapper.framework; name = QtXml.framework; path = "../../../../Shared/My DAZ 3D Library/DAZStudio4.5+ SDK/lib/Mac64/QtXml.framework"; sourceTree = "<group>"; };
/* End PBXFileReference section */

/* Begin PBXFrameworksBuildPhase section */
		B6D72B571B13420000DAAB66 /* Frameworks */ = {
			isa = PBXFrameworksBuildPhase;
			buildActionMask = 2147483647;
			files = (
				B6D72B9E1B135FAE00DAAB66 /* QtXml.framework in Frameworks */,
				B6D72B9C1B135F9D00DAAB66 /* QtGui.framework in Frameworks */,
				B6D72B891B13574500DAAB66 /* QtCore.framework in Frameworks */,
				B6D72B8C1B13577E00DAAB66 /* libdzcore.dylib in Frameworks */,
				B6D72B8E1B13579800DAAB66 /* QtScript.framework in Frameworks */,
			);
			runOnlyForDeploymentPostprocessing = 0;
		};
/* End PBXFrameworksBuildPhase section */

/* Begin PBXGroup section */
		B6D72B511B13420000DAAB66 = {
			isa = PBXGroup;
			children = (
				B6D72B5C1B13420000DAAB66 /* ReadyKitRenderer */,
				B6D72B5B1B13420000DAAB66 /* Products */,
				B6D72B8A1B13574E00DAAB66 /* Lib64 */,
			);
			sourceTree = "<group>";
		};
		B6D72B5B1B13420000DAAB66 /* Products */ = {
			isa = PBXGroup;
			children = (
				B6D72B5A1B13420000DAAB66 /* libReadyKitRenderer.dylib */,
			);
			name = Products;
			sourceTree = "<group>";
		};
		B6D72B5C1B13420000DAAB66 /* ReadyKitRenderer */ = {
			isa = PBXGroup;
			children = (
				B64249841B138DEC00A5560C /* Rk_GraphicsState.cpp */,
				B64249851B138DEC00A5560C /* Rk_GraphicsState.h */,
				B642497A1B1371D800A5560C /* pluginmain.cpp */,
				B642497C1B1374A400A5560C /* Rk_OptionsFrame.cpp */,
				B642497D1B1374A400A5560C /* Rk_OptionsFrame.h */,
				B6D72B6D1B13429F00DAAB66 /* version.h */,
				B6D72B681B13426D00DAAB66 /* ReadyKitRenderer.cpp */,
				B6D72B691B13426D00DAAB66 /* ReadyKitRenderer.h */,
			);
			path = ReadyKitRenderer;
			sourceTree = "<group>";
		};
		B6D72B8A1B13574E00DAAB66 /* Lib64 */ = {
			isa = PBXGroup;
			children = (
				B6D72B9D1B135FAE00DAAB66 /* QtXml.framework */,
				B6D72B9B1B135F9D00DAAB66 /* QtGui.framework */,
				B6D72B8D1B13579800DAAB66 /* QtScript.framework */,
				B6D72B8B1B13577E00DAAB66 /* libdzcore.dylib */,
				B6D72B881B13574500DAAB66 /* QtCore.framework */,
			);
			name = Lib64;
			sourceTree = "<group>";
		};
/* End PBXGroup section */

/* Begin PBXHeadersBuildPhase section */
		B6D72B581B13420000DAAB66 /* Headers */ = {
			isa = PBXHeadersBuildPhase;
			buildActionMask = 2147483647;
			files = (
				B6D72B6F1B13429F00DAAB66 /* version.h in Headers */,
			);
			runOnlyForDeploymentPostprocessing = 0;
		};
/* End PBXHeadersBuildPhase section */

/* Begin PBXNativeTarget section */
		B6D72B591B13420000DAAB66 /* ReadyKitRenderer */ = {
			isa = PBXNativeTarget;
			buildConfigurationList = B6D72B651B13420000DAAB66 /* Build configuration list for PBXNativeTarget "ReadyKitRenderer" */;
			buildPhases = (
				B6D72B561B13420000DAAB66 /* Sources */,
				B6D72B571B13420000DAAB66 /* Frameworks */,
				B6D72B581B13420000DAAB66 /* Headers */,
			);
			buildRules = (
				B6D72B721B13444300DAAB66 /* PBXBuildRule */,
			);
			dependencies = (
			);
			name = ReadyKitRenderer;
			productName = ReadyKitRenderer;
			productReference = B6D72B5A1B13420000DAAB66 /* libReadyKitRenderer.dylib */;
			productType = "com.apple.product-type.library.dynamic";
		};
/* End PBXNativeTarget section */

/* Begin PBXProject section */
		B6D72B521B13420000DAAB66 /* Project object */ = {
			isa = PBXProject;
			attributes = {
				LastUpgradeCheck = 0630;
				ORGANIZATIONNAME = "Daniel Bui";
				TargetAttributes = {
					B6D72B591B13420000DAAB66 = {
						CreatedOnToolsVersion = 6.3.2;
					};
				};
			};
			buildConfigurationList = B6D72B551B13420000DAAB66 /* Build configuration list for PBXProject "ReadyKitRenderer" */;
			compatibilityVersion = "Xcode 3.2";
			developmentRegion = English;
			hasScannedForEncodings = 0;
			knownRegions = (
				en,
			);
			mainGroup = B6D72B511B13420000DAAB66;
			productRefGroup = B6D72B5B1B13420000DAAB66 /* Products */;
			projectDirPath = "";
			projectRoot = "";
			targets = (
				B6D72B591B13420000DAAB66 /* ReadyKitRenderer */,
			);
		};
/* End PBXProject section */

/* Begin PBXSourcesBuildPhase section */
		B6D72B561B13420000DAAB66 /* Sources */ = {
			isa = PBXSourcesBuildPhase;
			buildActionMask = 2147483647;
			files = (
				B64249871B138DEC00A5560C /* Rk_GraphicsState.h in Sources */,
				B642497F1B1374A400A5560C /* Rk_OptionsFrame.h in Sources */,
				B64249861B138DEC00A5560C /* Rk_GraphicsState.cpp in Sources */,
				B6D72B8F1B13582B00DAAB66 /* ReadyKitRenderer.h in Sources */,
				B6D72B6A1B13426D00DAAB66 /* ReadyKitRenderer.cpp in Sources */,
				B642497B1B1371D800A5560C /* pluginmain.cpp in Sources */,
				B642497E1B1374A400A5560C /* Rk_OptionsFrame.cpp in Sources */,
			);
			runOnlyForDeploymentPostprocessing = 0;
		};
/* End PBXSourcesBuildPhase section */

/* Begin XCBuildConfiguration section */
		B6D72B631B13420000DAAB66 /* Debug */ = {
			isa = XCBuildConfiguration;
			buildSettings = {
				ALWAYS_SEARCH_USER_PATHS = NO;
				ARCHS = "$(ARCHS_STANDARD_32_64_BIT)";
				CLANG_CXX_LANGUAGE_STANDARD = "gnu++0x";
				CLANG_CXX_LIBRARY = "libstdc++";
				CLANG_ENABLE_MODULES = YES;
				CLANG_ENABLE_OBJC_ARC = YES;
				CLANG_WARN_BOOL_CONVERSION = YES;
				CLANG_WARN_CONSTANT_CONVERSION = YES;
				CLANG_WARN_DIRECT_OBJC_ISA_USAGE = YES_ERROR;
				CLANG_WARN_EMPTY_BODY = YES;
				CLANG_WARN_ENUM_CONVERSION = YES;
				CLANG_WARN_INT_CONVERSION = YES;
				CLANG_WARN_OBJC_ROOT_CLASS = YES_ERROR;
				CLANG_WARN_UNREACHABLE_CODE = YES;
				CLANG_WARN__DUPLICATE_METHOD_MATCH = YES;
				COPY_PHASE_STRIP = NO;
				DAZ_PLATFORM_NAME = Mac64;
				DAZ_SDK = "/Users/Shared/My DAZ 3D Library/DAZStudio4.5+ SDK";
				DEBUG_INFORMATION_FORMAT = dwarf;
				ENABLE_STRICT_OBJC_MSGSEND = YES;
				EXPORTED_SYMBOLS_FILE = "$(DAZ_SDK)/include/exportedPluginSymbols.txt";
				FRAMEWORK_SEARCH_PATHS = "\"$(DAZ_SDK)/lib/$(DAZ_PLATFORM_NAME)\"";
				GCC_C_LANGUAGE_STANDARD = gnu99;
				GCC_DYNAMIC_NO_PIC = NO;
				GCC_NO_COMMON_BLOCKS = YES;
				GCC_OPTIMIZATION_LEVEL = 0;
				GCC_PREPROCESSOR_DEFINITIONS = (
					"DEBUG=1",
					"$(inherited)",
				);
				GCC_SYMBOLS_PRIVATE_EXTERN = NO;
				GCC_WARN_64_TO_32_BIT_CONVERSION = YES;
				GCC_WARN_ABOUT_RETURN_TYPE = YES_ERROR;
				GCC_WARN_UNDECLARED_SELECTOR = YES;
				GCC_WARN_UNINITIALIZED_AUTOS = YES_AGGRESSIVE;
				GCC_WARN_UNUSED_FUNCTION = YES;
				GCC_WARN_UNUSED_VARIABLE = YES;
				HEADER_SEARCH_PATHS = (
					"\"$(DAZ_SDK)/include\"",
					"$(inherited)",
					/Applications/Xcode.app/Contents/Developer/Toolchains/XcodeDefault.xctoolchain/usr/include,
				);
				LIBRARY_SEARCH_PATHS = "\"$(DAZ_SDK)/lib/$(DAZ_PLATFORM_NAME)\"";
				MACOSX_DEPLOYMENT_TARGET = 10.10;
				MTL_ENABLE_DEBUG_INFO = YES;
				ONLY_ACTIVE_ARCH = YES;
				SDKROOT = macosx;
			};
			name = Debug;
		};
		B6D72B641B13420000DAAB66 /* Release */ = {
			isa = XCBuildConfiguration;
			buildSettings = {
				ALWAYS_SEARCH_USER_PATHS = NO;
				ARCHS = "$(ARCHS_STANDARD_32_64_BIT)";
				CLANG_CXX_LANGUAGE_STANDARD = "gnu++0x";
				CLANG_CXX_LIBRARY = "libstdc++";
				CLANG_ENABLE_MODULES = YES;
				CLANG_ENABLE_OBJC_ARC = YES;
				CLANG_WARN_BOOL_CONVERSION = YES;
				CLANG_WARN_CONSTANT_CONVERSION = YES;
				CLANG_WARN_DIRECT_OBJC_ISA_USAGE = YES_ERROR;
				CLANG_WARN_EMPTY_BODY = YES;
				CLANG_WARN_ENUM_CONVERSION = YES;
				CLANG_WARN_INT_CONVERSION = YES;
				CLANG_WARN_OBJC_ROOT_CLASS = YES_ERROR;
				CLANG_WARN_UNREACHABLE_CODE = YES;
				CLANG_WARN__DUPLICATE_METHOD_MATCH = YES;
				COPY_PHASE_STRIP = NO;
				DAZ_PLATFORM_NAME = Mac64;
				DAZ_SDK = "/Users/Shared/My DAZ 3D Library/DAZStudio4.5+ SDK";
				DEBUG_INFORMATION_FORMAT = "dwarf-with-dsym";
				ENABLE_NS_ASSERTIONS = NO;
				ENABLE_STRICT_OBJC_MSGSEND = YES;
				EXPORTED_SYMBOLS_FILE = "$(DAZ_SDK)/include/exportedPluginSymbols.txt";
				FRAMEWORK_SEARCH_PATHS = "\"$(DAZ_SDK)/lib/$(DAZ_PLATFORM_NAME)\"";
				GCC_C_LANGUAGE_STANDARD = gnu99;
				GCC_NO_COMMON_BLOCKS = YES;
				GCC_WARN_64_TO_32_BIT_CONVERSION = YES;
				GCC_WARN_ABOUT_RETURN_TYPE = YES_ERROR;
				GCC_WARN_UNDECLARED_SELECTOR = YES;
				GCC_WARN_UNINITIALIZED_AUTOS = YES_AGGRESSIVE;
				GCC_WARN_UNUSED_FUNCTION = YES;
				GCC_WARN_UNUSED_VARIABLE = YES;
				HEADER_SEARCH_PATHS = (
					"\"$(DAZ_SDK)/include\"",
					"$(inherited)",
					/Applications/Xcode.app/Contents/Developer/Toolchains/XcodeDefault.xctoolchain/usr/include,
				);
				LIBRARY_SEARCH_PATHS = "\"$(DAZ_SDK)/lib/$(DAZ_PLATFORM_NAME)\"";
				MACOSX_DEPLOYMENT_TARGET = 10.10;
				MTL_ENABLE_DEBUG_INFO = NO;
				SDKROOT = macosx;
			};
			name = Release;
		};
		B6D72B661B13420000DAAB66 /* Debug */ = {
			isa = XCBuildConfiguration;
			buildSettings = {
				ADDITIONAL_SDKS = "\"$(DAZ_SDK)\"";
				ARCHS = "$(ARCHS_STANDARD)";
				BUNDLE_LOADER = "";
				CLANG_CXX_LIBRARY = "libstdc++";
				DAZ_PLATFORM_NAME = Mac64;
				DAZ_SDK = "/Users/Shared/My DAZ 3D Library/DAZStudio4.5+ SDK";
				DEPLOYMENT_LOCATION = YES;
				DEPLOYMENT_POSTPROCESSING = YES;
				DSTROOT = /;
				DYLIB_COMPATIBILITY_VERSION = 1;
				DYLIB_CURRENT_VERSION = 1;
				EXECUTABLE_PREFIX = lib;
				EXPORTED_SYMBOLS_FILE = "$(DAZ_SDK)/include/exportedPluginSymbols.txt";
				FRAMEWORK_SEARCH_PATHS = "\"$(DAZ_SDK)/lib/$(DAZ_PLATFORM_NAME)\"";
				GCC_ENABLE_CPP_EXCEPTIONS = YES;
				GCC_ENABLE_CPP_RTTI = YES;
				GCC_SYMBOLS_PRIVATE_EXTERN = NO;
				GCC_WARN_ABOUT_RETURN_TYPE = YES;
				HEADER_SEARCH_PATHS = (
					"$(inherited)",
					/Applications/Xcode.app/Contents/Developer/Toolchains/XcodeDefault.xctoolchain/usr/include,
				);
				INSTALL_PATH = "/Applications/DAZ 3D/DAZStudio4 64-bit Public Build/plugins";
				LIBRARY_SEARCH_PATHS = "\"$(DAZ_SDK)/lib/$(DAZ_PLATFORM_NAME)\"";
				LINKER_DISPLAYS_MANGLED_NAMES = NO;
				OTHER_LDFLAGS = "";
				PRODUCT_NAME = "$(TARGET_NAME)";
				STRIP_INSTALLED_PRODUCT = NO;
			};
			name = Debug;
		};
		B6D72B671B13420000DAAB66 /* Release */ = {
			isa = XCBuildConfiguration;
			buildSettings = {
				ADDITIONAL_SDKS = "\"$(DAZ_SDK)\"";
				ARCHS = "$(ARCHS_STANDARD)";
				BUNDLE_LOADER = "";
				CLANG_CXX_LIBRARY = "libstdc++";
				DAZ_PLATFORM_NAME = Mac64;
				DAZ_SDK = "/Users/Shared/My DAZ 3D Library/DAZStudio4.5+ SDK";
				DEPLOYMENT_LOCATION = YES;
				DEPLOYMENT_POSTPROCESSING = YES;
				DSTROOT = /;
				DYLIB_COMPATIBILITY_VERSION = 1;
				DYLIB_CURRENT_VERSION = 1;
				EXECUTABLE_PREFIX = lib;
				EXPORTED_SYMBOLS_FILE = "$(DAZ_SDK)/include/exportedPluginSymbols.txt";
				FRAMEWORK_SEARCH_PATHS = "\"$(DAZ_SDK)/lib/$(DAZ_PLATFORM_NAME)\"";
				GCC_ENABLE_CPP_EXCEPTIONS = YES;
				GCC_ENABLE_CPP_RTTI = YES;
				GCC_SYMBOLS_PRIVATE_EXTERN = NO;
				GCC_WARN_ABOUT_RETURN_TYPE = YES;
				HEADER_SEARCH_PATHS = (
					"$(inherited)",
					/Applications/Xcode.app/Contents/Developer/Toolchains/XcodeDefault.xctoolchain/usr/include,
				);
				INSTALL_PATH = "/Applications/DAZ 3D/DAZStudio4 64-bit Public Build/plugins";
				LIBRARY_SEARCH_PATHS = "\"$(DAZ_SDK)/lib/$(DAZ_PLATFORM_NAME)\"";
				LINKER_DISPLAYS_MANGLED_NAMES = NO;
				OTHER_LDFLAGS = "";
				PRODUCT_NAME = "$(TARGET_NAME)";
				STRIP_INSTALLED_PRODUCT = NO;
			};
			name = Release;
		};
/* End XCBuildConfiguration section */

/* Begin XCConfigurationList section */
		B6D72B551B13420000DAAB66 /* Build configuration list for PBXProject "ReadyKitRenderer" */ = {
			isa = XCConfigurationList;
			buildConfigurations = (
				B6D72B631B13420000DAAB66 /* Debug */,
				B6D72B641B13420000DAAB66 /* Release */,
			);
			defaultConfigurationIsVisible = 0;
			defaultConfigurationName = Release;
		};
		B6D72B651B13420000DAAB66 /* Build configuration list for PBXNativeTarget "ReadyKitRenderer" */ = {
			isa = XCConfigurationList;
			buildConfigurations = (
				B6D72B661B13420000DAAB66 /* Debug */,
				B6D72B671B13420000DAAB66 /* Release */,
			);
			defaultConfigurationIsVisible = 0;
			defaultConfigurationName = Release;
		};
/* End XCConfigurationList section */
	};
	rootObject = B6D72B521B13420000DAAB66 /* Project object */;
}
